
Microsoft Visual Studio Solution File, Format Version 12.00
# Visual Studio Version 16
VisualStudioVersion = 16.0.29311.281
MinimumVisualStudioVersion = 10.0.40219.1
Project("{9A19103F-16F7-4668-BE54-9A1E7A4F7556}") = "AuthServer", "AuthServer\AuthServer.csproj", "{94B6CB7D-82B5-40A5-8B23-6BBB4D435FCF}"
EndProject
Project("{E53339B2-1760-4266-BCC7-CA923CBCF16C}") = "docker-compose", "docker-compose.dcproj", "{BC4045B2-F4CD-402D-A76D-EE5C5E34879F}"
EndProject
Project("{9A19103F-16F7-4668-BE54-9A1E7A4F7556}") = "ResourceServer.Core", "ResourceServer\ResourceServer.Core\ResourceServer.Core.csproj", "{7F96E36F-49AC-4CF4-ACF1-76F691750A9E}"
EndProject
Project("{9A19103F-16F7-4668-BE54-9A1E7A4F7556}") = "ResourceServer.Infrastructure", "ResourceServer\ResourceServer.Infrastructure\ResourceServer.Infrastructure.csproj", "{368681AC-A4B0-4EC1-88A8-AB0D7EE6796F}"
EndProject
Project("{9A19103F-16F7-4668-BE54-9A1E7A4F7556}") = "ResourceServer.Api", "ResourceServer\ResourceServer.Api\ResourceServer.Api.csproj", "{3C986E22-1D37-4BB9-AC5A-D4E03A28C5D3}"
EndProject
Project("{9A19103F-16F7-4668-BE54-9A1E7A4F7556}") = "ResourceServer.UnitTests", "ResourceServer\ResourceServer.UnitTests\ResourceServer.UnitTests.csproj", "{E38C1F71-F426-4073-90D1-EDE948E78812}"
EndProject
Project("{FAE04EC0-301F-11D3-BF4B-00C04F79EFBC}") = "ResourceServer.IntegrationTests", "ResourceServer\ResourceServer.IntegrationTests\ResourceServer.IntegrationTests.csproj", "{EE4DD29B-36DA-4990-895F-1E523C81AB3E}"
EndProject
Global
	GlobalSection(SolutionConfigurationPlatforms) = preSolution
		Debug|Any CPU = Debug|Any CPU
		Release|Any CPU = Release|Any CPU
	EndGlobalSection
	GlobalSection(ProjectConfigurationPlatforms) = postSolution
		{94B6CB7D-82B5-40A5-8B23-6BBB4D435FCF}.Debug|Any CPU.ActiveCfg = Debug|Any CPU
		{94B6CB7D-82B5-40A5-8B23-6BBB4D435FCF}.Debug|Any CPU.Build.0 = Debug|Any CPU
		{94B6CB7D-82B5-40A5-8B23-6BBB4D435FCF}.Release|Any CPU.ActiveCfg = Release|Any CPU
		{94B6CB7D-82B5-40A5-8B23-6BBB4D435FCF}.Release|Any CPU.Build.0 = Release|Any CPU
		{BC4045B2-F4CD-402D-A76D-EE5C5E34879F}.Debug|Any CPU.ActiveCfg = Debug|Any CPU
		{BC4045B2-F4CD-402D-A76D-EE5C5E34879F}.Debug|Any CPU.Build.0 = Debug|Any CPU
		{BC4045B2-F4CD-402D-A76D-EE5C5E34879F}.Release|Any CPU.ActiveCfg = Release|Any CPU
		{BC4045B2-F4CD-402D-A76D-EE5C5E34879F}.Release|Any CPU.Build.0 = Release|Any CPU
		{7F96E36F-49AC-4CF4-ACF1-76F691750A9E}.Debug|Any CPU.ActiveCfg = Debug|Any CPU
		{7F96E36F-49AC-4CF4-ACF1-76F691750A9E}.Debug|Any CPU.Build.0 = Debug|Any CPU
		{7F96E36F-49AC-4CF4-ACF1-76F691750A9E}.Release|Any CPU.ActiveCfg = Release|Any CPU
		{7F96E36F-49AC-4CF4-ACF1-76F691750A9E}.Release|Any CPU.Build.0 = Release|Any CPU
		{368681AC-A4B0-4EC1-88A8-AB0D7EE6796F}.Debug|Any CPU.ActiveCfg = Debug|Any CPU
		{368681AC-A4B0-4EC1-88A8-AB0D7EE6796F}.Debug|Any CPU.Build.0 = Debug|Any CPU
		{368681AC-A4B0-4EC1-88A8-AB0D7EE6796F}.Release|Any CPU.ActiveCfg = Release|Any CPU
		{368681AC-A4B0-4EC1-88A8-AB0D7EE6796F}.Release|Any CPU.Build.0 = Release|Any CPU
		{3C986E22-1D37-4BB9-AC5A-D4E03A28C5D3}.Debug|Any CPU.ActiveCfg = Debug|Any CPU
		{3C986E22-1D37-4BB9-AC5A-D4E03A28C5D3}.Debug|Any CPU.Build.0 = Debug|Any CPU
		{3C986E22-1D37-4BB9-AC5A-D4E03A28C5D3}.Release|Any CPU.ActiveCfg = Release|Any CPU
		{3C986E22-1D37-4BB9-AC5A-D4E03A28C5D3}.Release|Any CPU.Build.0 = Release|Any CPU
		{E38C1F71-F426-4073-90D1-EDE948E78812}.Debug|Any CPU.ActiveCfg = Debug|Any CPU
		{E38C1F71-F426-4073-90D1-EDE948E78812}.Debug|Any CPU.Build.0 = Debug|Any CPU
		{E38C1F71-F426-4073-90D1-EDE948E78812}.Release|Any CPU.ActiveCfg = Release|Any CPU
		{E38C1F71-F426-4073-90D1-EDE948E78812}.Release|Any CPU.Build.0 = Release|Any CPU
		{EE4DD29B-36DA-4990-895F-1E523C81AB3E}.Debug|Any CPU.ActiveCfg = Debug|Any CPU
		{EE4DD29B-36DA-4990-895F-1E523C81AB3E}.Debug|Any CPU.Build.0 = Debug|Any CPU
		{EE4DD29B-36DA-4990-895F-1E523C81AB3E}.Release|Any CPU.ActiveCfg = Release|Any CPU
		{EE4DD29B-36DA-4990-895F-1E523C81AB3E}.Release|Any CPU.Build.0 = Release|Any CPU
	EndGlobalSection
	GlobalSection(SolutionProperties) = preSolution
		HideSolutionNode = FALSE
	EndGlobalSection
	GlobalSection(ExtensibilityGlobals) = postSolution
		SolutionGuid = {1A5A65EB-F236-4BE5-ABEF-608F48C617AB}
	EndGlobalSection
EndGlobal
